
Microsoft Visual Studio Solution File, Format Version 12.00
# Visual Studio Version 17
VisualStudioVersion = 17.10.35013.160
MinimumVisualStudioVersion = 10.0.40219.1
Project("{FAE04EC0-301F-11D3-BF4B-00C04F79EFBC}") = "DDON_Launcher", "DDON_Launcher\DDON_Launcher.csproj", "{323D293F-4243-4B49-B806-91F55B871389}"
EndProject
Global
	GlobalSection(SolutionConfigurationPlatforms) = preSolution
		Debug|Any CPU = Debug|Any CPU
		Release|Any CPU = Release|Any CPU
	EndGlobalSection
	GlobalSection(ProjectConfigurationPlatforms) = postSolution
		{323D293F-4243-4B49-B806-91F55B871389}.Debug|Any CPU.ActiveCfg = Debug|Any CPU
		{323D293F-4243-4B49-B806-91F55B871389}.Debug|Any CPU.Build.0 = Debug|Any CPU
		{323D293F-4243-4B49-B806-91F55B871389}.Release|Any CPU.ActiveCfg = Release|Any CPU
		{323D293F-4243-4B49-B806-91F55B871389}.Release|Any CPU.Build.0 = Release|Any CPU
	EndGlobalSection
	GlobalSection(SolutionProperties) = preSolution
		HideSolutionNode = FALSE
	EndGlobalSection
	GlobalSection(ExtensibilityGlobals) = postSolution
		SolutionGuid = {D4EC5C43-3120-4BAE-BC47-1167347AD641}
	EndGlobalSection
EndGlobal
